
Microsoft Visual Studio Solution File, Format Version 12.00
# Visual Studio 15
VisualStudioVersion = 15.0.27428.2043
MinimumVisualStudioVersion = 10.0.40219.1
Project("{FAE04EC0-301F-11D3-BF4B-00C04F79EFBC}") = "RSACalculator", "RSACalculator\RSACalculator.csproj", "{4258FB55-5314-4775-B071-055A89B4376C}"
EndProject
Global
	GlobalSection(SolutionConfigurationPlatforms) = preSolution
		Debug|Any CPU = Debug|Any CPU
		Release|Any CPU = Release|Any CPU
	EndGlobalSection
	GlobalSection(ProjectConfigurationPlatforms) = postSolution
		{4258FB55-5314-4775-B071-055A89B4376C}.Debug|Any CPU.ActiveCfg = Debug|Any CPU
		{4258FB55-5314-4775-B071-055A89B4376C}.Debug|Any CPU.Build.0 = Debug|Any CPU
		{4258FB55-5314-4775-B071-055A89B4376C}.Release|Any CPU.ActiveCfg = Release|Any CPU
		{4258FB55-5314-4775-B071-055A89B4376C}.Release|Any CPU.Build.0 = Release|Any CPU
	EndGlobalSection
	GlobalSection(SolutionProperties) = preSolution
		HideSolutionNode = FALSE
	EndGlobalSection
	GlobalSection(ExtensibilityGlobals) = postSolution
		SolutionGuid = {4AB9E325-F783-4649-B0A7-6D95FA56A047}
	EndGlobalSection
EndGlobal
